# This file is automatically @generated by Cargo.
# It is not intended for manual editing.
version = 3

[[package]]
name = "anyhow"
version = "1.0.52"
source = "registry+https://github.com/rust-lang/crates.io-index"
checksum = "84450d0b4a8bd1ba4144ce8ce718fbc5d071358b1e5384bace6536b3d1f2d5b3"

[[package]]
name = "arrayvec"
version = "0.7.2"
source = "registry+https://github.com/rust-lang/crates.io-index"
checksum = "8da52d66c7071e2e3fa2a1e5c6d088fec47b593032b254f5e980de8ea54454d6"

[[package]]
name = "autocfg"
version = "1.0.1"
source = "registry+https://github.com/rust-lang/crates.io-index"
checksum = "cdb031dd78e28731d87d56cc8ffef4a8f36ca26c38fe2de700543e627f8a464a"

[[package]]
name = "bitvec"
version = "1.0.0"
source = "registry+https://github.com/rust-lang/crates.io-index"
checksum = "1489fcb93a5bb47da0462ca93ad252ad6af2145cce58d10d46a83931ba9f016b"
dependencies = [
 "funty",
 "radium",
 "tap",
 "wyz",
]

[[package]]
name = "either"
version = "1.6.1"
source = "registry+https://github.com/rust-lang/crates.io-index"
checksum = "e78d4f1cc4ae33bbfc157ed5d5a5ef3bc29227303d595861deb238fcec4e9457"

[[package]]
name = "expr-common"
version = "0.1.0"
dependencies = [
 "anyhow",
 "bitvec",
 "rust_decimal",
 "thiserror",
]

[[package]]
name = "expr-impl"
version = "0.1.0"
dependencies = [
 "anyhow",
 "expr-common",
 "expr-macro-rules",
 "expr-template",
]

[[package]]
name = "expr-macro-rules"
version = "0.1.0"

[[package]]
name = "expr-template"
version = "0.1.0"
dependencies = [
 "anyhow",
 "expr-common",
 "expr-template-impl",
 "itertools",
]

[[package]]
name = "expr-template-impl"
version = "0.1.0"
dependencies = [
 "anyhow",
 "itertools",
 "prettyplease",
 "proc-macro2",
 "quote",
 "syn",
]

[[package]]
name = "funty"
version = "2.0.0"
source = "registry+https://github.com/rust-lang/crates.io-index"
checksum = "e6d5a32815ae3f33302d95fdcb2ce17862f8c65363dcfd29360480ba1001fc9c"

[[package]]
name = "itertools"
version = "0.10.3"
source = "registry+https://github.com/rust-lang/crates.io-index"
checksum = "a9a9d19fa1e79b6215ff29b9d6880b706147f16e9b1dbb1e4e5947b5b02bc5e3"
dependencies = [
 "either",
]

[[package]]
name = "num-traits"
version = "0.2.14"
source = "registry+https://github.com/rust-lang/crates.io-index"
checksum = "9a64b1ec5cda2586e284722486d802acf1f7dbdc623e2bfc57e65ca1cd099290"
dependencies = [
 "autocfg",
]

[[package]]
name = "prettyplease"
version = "0.1.7"
source = "registry+https://github.com/rust-lang/crates.io-index"
checksum = "53748b0c63a6a276a2c8b591de5b117d7590f1b41e34062efeadd222f841d1a3"
dependencies = [
 "proc-macro2",
 "syn",
]

[[package]]
name = "proc-macro2"
version = "1.0.36"
source = "registry+https://github.com/rust-lang/crates.io-index"
checksum = "c7342d5883fbccae1cc37a2353b09c87c9b0f3afd73f5fb9bba687a1f733b029"
dependencies = [
 "unicode-xid",
]

[[package]]
name = "quote"
version = "1.0.14"
source = "registry+https://github.com/rust-lang/crates.io-index"
checksum = "47aa80447ce4daf1717500037052af176af5d38cc3e571d9ec1c7353fc10c87d"
dependencies = [
 "proc-macro2",
]

[[package]]
name = "radium"
version = "0.7.0"
source = "registry+https://github.com/rust-lang/crates.io-index"
checksum = "dc33ff2d4973d518d823d61aa239014831e521c75da58e3df4840d3f47749d09"

[[package]]
name = "rust_decimal"
version = "1.20.0"
source = "registry+https://github.com/rust-lang/crates.io-index"
checksum = "e0593ce4677e3800ddafb3de917e8397b1348e06e688128ade722d88fbe11ebf"
dependencies = [
 "arrayvec",
 "num-traits",
 "serde",
]

[[package]]
name = "serde"
version = "1.0.134"
source = "registry+https://github.com/rust-lang/crates.io-index"
checksum = "96b3c34c1690edf8174f5b289a336ab03f568a4460d8c6df75f2f3a692b3bc6a"

[[package]]
name = "syn"
version = "1.0.86"
source = "registry+https://github.com/rust-lang/crates.io-index"
checksum = "8a65b3f4ffa0092e9887669db0eae07941f023991ab58ea44da8fe8e2d511c6b"
dependencies = [
 "proc-macro2",
 "quote",
 "unicode-xid",
]

[[package]]
name = "tap"
version = "1.0.1"
source = "registry+https://github.com/rust-lang/crates.io-index"
checksum = "55937e1799185b12863d447f42597ed69d9928686b8d88a1df17376a097d8369"

[[package]]
name = "thiserror"
version = "1.0.30"
source = "registry+https://github.com/rust-lang/crates.io-index"
checksum = "854babe52e4df1653706b98fcfc05843010039b406875930a70e4d9644e5c417"
dependencies = [
 "thiserror-impl",
]

[[package]]
name = "thiserror-impl"
version = "1.0.30"
source = "registry+https://github.com/rust-lang/crates.io-index"
checksum = "aa32fd3f627f367fe16f893e2597ae3c05020f8bba2666a4e6ea73d377e5714b"
dependencies = [
 "proc-macro2",
 "quote",
 "syn",
]

[[package]]
name = "type-exercise-day1"
version = "0.1.0"
dependencies = [
 "bitvec",
]

[[package]]
name = "type-exercise-day2"
version = "0.1.0"
dependencies = [
 "bitvec",
]

[[package]]
name = "type-exercise-day3"
version = "0.1.0"
dependencies = [
 "bitvec",
]

[[package]]
name = "type-exercise-day4"
version = "0.1.0"
dependencies = [
 "anyhow",
 "bitvec",
 "thiserror",
]

[[package]]
name = "type-exercise-day5"
version = "0.1.0"
dependencies = [
 "anyhow",
 "bitvec",
 "thiserror",
]

[[package]]
name = "type-exercise-day6-a"
version = "0.1.0"
dependencies = [
 "anyhow",
 "bitvec",
 "thiserror",
]

[[package]]
name = "type-exercise-day6-b"
version = "0.1.0"
dependencies = [
 "anyhow",
 "bitvec",
 "thiserror",
]

[[package]]
name = "type-exercise-day7-a"
version = "0.1.0"
dependencies = [
 "anyhow",
 "bitvec",
 "rust_decimal",
 "thiserror",
]

[[package]]
name = "type-exercise-day7-b"
version = "0.1.0"
dependencies = [
 "anyhow",
 "bitvec",
 "rust_decimal",
 "thiserror",
]

[[package]]
name = "type-exercise-day8"
version = "0.1.0"
dependencies = [
 "anyhow",
 "bitvec",
 "rust_decimal",
 "thiserror",
]

[[package]]
name = "unicode-xid"
version = "0.2.2"
source = "registry+https://github.com/rust-lang/crates.io-index"
checksum = "8ccb82d61f80a663efe1f787a51b16b5a51e3314d6ac365b08639f52387b33f3"

[[package]]
name = "wyz"
version = "0.5.0"
source = "registry+https://github.com/rust-lang/crates.io-index"
checksum = "30b31594f29d27036c383b53b59ed3476874d518f0efb151b27a4c275141390e"
dependencies = [
 "tap",
]
